
Microsoft Visual Studio Solution File, Format Version 12.00
# Visual Studio Version 17
VisualStudioVersion = 17.11.35327.3
MinimumVisualStudioVersion = 10.0.40219.1
Project("{FAE04EC0-301F-11D3-BF4B-00C04F79EFBC}") = "winform", "winform\winform.csproj", "{0F0DE6E4-F845-4308-8894-4ECC22021817}"
EndProject
Global
	GlobalSection(SolutionConfigurationPlatforms) = preSolution
		Debug|Any CPU = Debug|Any CPU
		Release|Any CPU = Release|Any CPU
	EndGlobalSection
	GlobalSection(ProjectConfigurationPlatforms) = postSolution
		{0F0DE6E4-F845-4308-8894-4ECC22021817}.Debug|Any CPU.ActiveCfg = Debug|Any CPU
		{0F0DE6E4-F845-4308-8894-4ECC22021817}.Debug|Any CPU.Build.0 = Debug|Any CPU
		{0F0DE6E4-F845-4308-8894-4ECC22021817}.Release|Any CPU.ActiveCfg = Release|Any CPU
		{0F0DE6E4-F845-4308-8894-4ECC22021817}.Release|Any CPU.Build.0 = Release|Any CPU
	EndGlobalSection
	GlobalSection(SolutionProperties) = preSolution
		HideSolutionNode = FALSE
	EndGlobalSection
	GlobalSection(ExtensibilityGlobals) = postSolution
		SolutionGuid = {8409E7FD-ECE9-49DE-9A6D-483AF57AFFB8}
	EndGlobalSection
EndGlobal
